
Microsoft Visual Studio Solution File, Format Version 12.00
# Visual Studio Version 17
VisualStudioVersion = 17.9.34714.143
MinimumVisualStudioVersion = 10.0.40219.1
Project("{FAE04EC0-301F-11D3-BF4B-00C04F79EFBC}") = "solution", "solution\solution.csproj", "{5A588BD4-7042-4586-AFD5-48E8EA4D8E0C}"
EndProject
Global
	GlobalSection(SolutionConfigurationPlatforms) = preSolution
		Debug|Any CPU = Debug|Any CPU
		Release|Any CPU = Release|Any CPU
	EndGlobalSection
	GlobalSection(ProjectConfigurationPlatforms) = postSolution
		{5A588BD4-7042-4586-AFD5-48E8EA4D8E0C}.Debug|Any CPU.ActiveCfg = Debug|Any CPU
		{5A588BD4-7042-4586-AFD5-48E8EA4D8E0C}.Debug|Any CPU.Build.0 = Debug|Any CPU
		{5A588BD4-7042-4586-AFD5-48E8EA4D8E0C}.Release|Any CPU.ActiveCfg = Release|Any CPU
		{5A588BD4-7042-4586-AFD5-48E8EA4D8E0C}.Release|Any CPU.Build.0 = Release|Any CPU
	EndGlobalSection
	GlobalSection(SolutionProperties) = preSolution
		HideSolutionNode = FALSE
	EndGlobalSection
	GlobalSection(ExtensibilityGlobals) = postSolution
		SolutionGuid = {91CDB40A-8E01-4507-92CE-D76CEC3B2445}
	EndGlobalSection
EndGlobal
